
Microsoft Visual Studio Solution File, Format Version 12.00
# Visual Studio Version 17
VisualStudioVersion = 17.9.34714.143
MinimumVisualStudioVersion = 10.0.40219.1
Project("{FAE04EC0-301F-11D3-BF4B-00C04F79EFBC}") = "Core", "Core\Core.csproj", "{A03D38AD-5C67-4700-84D3-B791138B673F}"
EndProject
Global
	GlobalSection(SolutionConfigurationPlatforms) = preSolution
		Debug|Any CPU = Debug|Any CPU
		Release|Any CPU = Release|Any CPU
	EndGlobalSection
	GlobalSection(ProjectConfigurationPlatforms) = postSolution
		{A03D38AD-5C67-4700-84D3-B791138B673F}.Debug|Any CPU.ActiveCfg = Debug|Any CPU
		{A03D38AD-5C67-4700-84D3-B791138B673F}.Debug|Any CPU.Build.0 = Debug|Any CPU
		{A03D38AD-5C67-4700-84D3-B791138B673F}.Release|Any CPU.ActiveCfg = Release|Any CPU
		{A03D38AD-5C67-4700-84D3-B791138B673F}.Release|Any CPU.Build.0 = Release|Any CPU
	EndGlobalSection
	GlobalSection(SolutionProperties) = preSolution
		HideSolutionNode = FALSE
	EndGlobalSection
	GlobalSection(ExtensibilityGlobals) = postSolution
		SolutionGuid = {06C5E81D-8F50-420F-AA3B-8D74C0A68B85}
	EndGlobalSection
EndGlobal
